{
  "name": "AdvancedWeb",
  "lockfileVersion": 3,
  "requires": true,
  "packages": {
    "": {
      "dependencies": {
        "cannon-es-debugger": "^1.0.0"
      }
    },
    "node_modules/cannon-es": {
      "version": "0.20.0",
      "resolved": "https://mirrors.cloud.tencent.com/npm/cannon-es/-/cannon-es-0.20.0.tgz",
      "integrity": "sha512-eZhWTZIkFOnMAJOgfXJa9+b3kVlvG+FX4mdkpePev/w/rP5V8NRquGyEozcjPfEoXUlb+p7d9SUcmDSn14prOA==",
      "peer": true
    },
    "node_modules/cannon-es-debugger": {
      "version": "1.0.0",
      "resolved": "https://mirrors.cloud.tencent.com/npm/cannon-es-debugger/-/cannon-es-debugger-1.0.0.tgz",
      "integrity": "sha512-sE9lDOBAYFKlh+0w+cvWKwUhJef8HYnUSVPWPL0jD15MAuVRQKno4QYZSGxgOoJkMR3mQqxL4bxys2b3RSWH8g==",
      "peerDependencies": {
        "cannon-es": "0.x",
        "three": "0.x",
        "typescript": ">=3.8"
      },
      "peerDependenciesMeta": {
        "typescript": {
          "optional": true
        }
      }
    },
    "node_modules/three": {
      "version": "0.164.1",
      "resolved": "https://mirrors.cloud.tencent.com/npm/three/-/three-0.164.1.tgz",
      "integrity": "sha512-iC/hUBbl1vzFny7f5GtqzVXYjMJKaTPxiCxXfrvVdBi1Sf+jhd1CAkitiFwC7mIBFCo3MrDLJG97yisoaWig0w==",
      "peer": true
    }
  }
}
